# This file is automatically @generated by Poetry 1.8.5 and should not be changed by hand.

[[package]]
name = "asgiref"
version = "3.8.1"
description = "ASGI specs, helper code, and adapters"
optional = false
python-versions = ">=3.8"
files = [
    {file = "asgiref-3.8.1-py3-none-any.whl", hash = "sha256:3e1e3ecc849832fe52ccf2cb6686b7a55f82bb1d6aee72a58826471390335e47"},
    {file = "asgiref-3.8.1.tar.gz", hash = "sha256:c343bd80a0bec947a9860adb4c432ffa7db769836c64238fc34bdc3fec84d590"},
]

[package.dependencies]
typing-extensions = {version = ">=4", markers = "python_version < \"3.11\""}

[package.extras]
tests = ["mypy (>=0.800)", "pytest", "pytest-asyncio"]

[[package]]
name = "backports-zoneinfo"
version = "0.2.1"
description = "Backport of the standard library zoneinfo module"
optional = false
python-versions = ">=3.6"
files = [
    {file = "backports.zoneinfo-0.2.1-cp36-cp36m-macosx_10_14_x86_64.whl", hash = "sha256:da6013fd84a690242c310d77ddb8441a559e9cb3d3d59ebac9aca1a57b2e18bc"},
    {file = "backports.zoneinfo-0.2.1-cp36-cp36m-manylinux1_i686.whl", hash = "sha256:89a48c0d158a3cc3f654da4c2de1ceba85263fafb861b98b59040a5086259722"},
    {file = "backports.zoneinfo-0.2.1-cp36-cp36m-manylinux1_x86_64.whl", hash = "sha256:1c5742112073a563c81f786e77514969acb58649bcdf6cdf0b4ed31a348d4546"},
    {file = "backports.zoneinfo-0.2.1-cp36-cp36m-win32.whl", hash = "sha256:e8236383a20872c0cdf5a62b554b27538db7fa1bbec52429d8d106effbaeca08"},
    {file = "backports.zoneinfo-0.2.1-cp36-cp36m-win_amd64.whl", hash = "sha256:8439c030a11780786a2002261569bdf362264f605dfa4d65090b64b05c9f79a7"},
    {file = "backports.zoneinfo-0.2.1-cp37-cp37m-macosx_10_14_x86_64.whl", hash = "sha256:f04e857b59d9d1ccc39ce2da1021d196e47234873820cbeaad210724b1ee28ac"},
    {file = "backports.zoneinfo-0.2.1-cp37-cp37m-manylinux1_i686.whl", hash = "sha256:17746bd546106fa389c51dbea67c8b7c8f0d14b5526a579ca6ccf5ed72c526cf"},
    {file = "backports.zoneinfo-0.2.1-cp37-cp37m-manylinux1_x86_64.whl", hash = "sha256:5c144945a7752ca544b4b78c8c41544cdfaf9786f25fe5ffb10e838e19a27570"},
    {file = "backports.zoneinfo-0.2.1-cp37-cp37m-win32.whl", hash = "sha256:e55b384612d93be96506932a786bbcde5a2db7a9e6a4bb4bffe8b733f5b9036b"},
    {file = "backports.zoneinfo-0.2.1-cp37-cp37m-win_amd64.whl", hash = "sha256:a76b38c52400b762e48131494ba26be363491ac4f9a04c1b7e92483d169f6582"},
    {file = "backports.zoneinfo-0.2.1-cp38-cp38-macosx_10_14_x86_64.whl", hash = "sha256:8961c0f32cd0336fb8e8ead11a1f8cd99ec07145ec2931122faaac1c8f7fd987"},
    {file = "backports.zoneinfo-0.2.1-cp38-cp38-manylinux1_i686.whl", hash = "sha256:e81b76cace8eda1fca50e345242ba977f9be6ae3945af8d46326d776b4cf78d1"},
    {file = "backports.zoneinfo-0.2.1-cp38-cp38-manylinux1_x86_64.whl", hash = "sha256:7b0a64cda4145548fed9efc10322770f929b944ce5cee6c0dfe0c87bf4c0c8c9"},
    {file = "backports.zoneinfo-0.2.1-cp38-cp38-win32.whl", hash = "sha256:1b13e654a55cd45672cb54ed12148cd33628f672548f373963b0bff67b217328"},
    {file = "backports.zoneinfo-0.2.1-cp38-cp38-win_amd64.whl", hash = "sha256:4a0f800587060bf8880f954dbef70de6c11bbe59c673c3d818921f042f9954a6"},
    {file = "backports.zoneinfo-0.2.1.tar.gz", hash = "sha256:fadbfe37f74051d024037f223b8e001611eac868b5c5b06144ef4d8b799862f2"},
]

[package.extras]
tzdata = ["tzdata"]

[[package]]
name = "django"
version = "4.2.18"
description = "A high-level Python web framework that encourages rapid development and clean, pragmatic design."
optional = false
python-versions = ">=3.8"
files = [
    {file = "Django-4.2.18-py3-none-any.whl", hash = "sha256:ba52eff7e228f1c775d5b0db2ba53d8c49d2f8bfe6ca0234df6b7dd12fb25b19"},
    {file = "Django-4.2.18.tar.gz", hash = "sha256:52ae8eacf635617c0f13b44f749e5ea13dc34262819b2cc8c8636abb08d82c4b"},
]

[package.dependencies]
asgiref = ">=3.6.0,<4"
"backports.zoneinfo" = {version = "*", markers = "python_version < \"3.9\""}
sqlparse = ">=0.3.1"
tzdata = {version = "*", markers = "sys_platform == \"win32\""}

[package.extras]
argon2 = ["argon2-cffi (>=19.1.0)"]
bcrypt = ["bcrypt"]

[[package]]
name = "nh3"
version = "0.2.20"
description = "Python binding to Ammonia HTML sanitizer Rust crate"
optional = false
python-versions = ">=3.8"
files = [
    {file = "nh3-0.2.20-cp313-cp313t-macosx_10_12_x86_64.macosx_11_0_arm64.macosx_10_12_universal2.whl", hash = "sha256:e1061a4ab6681f6bdf72b110eea0c4e1379d57c9de937db3be4202f7ad6043db"},
    {file = "nh3-0.2.20-cp313-cp313t-manylinux_2_17_x86_64.manylinux2014_x86_64.whl", hash = "sha256:eb4254b1dac4a1ee49919a5b3f1caf9803ea8dada1816d9e8289e63d3cd0dd9a"},
    {file = "nh3-0.2.20-cp313-cp313t-manylinux_2_5_i686.manylinux1_i686.whl", hash = "sha256:0ae9cbd713524cdb81e64663d0d6aae26f678db9f2cd9db0bf162606f1f9f20c"},
    {file = "nh3-0.2.20-cp313-cp313t-musllinux_1_2_aarch64.whl", hash = "sha256:e1f7370b4e14cc03f5ae141ef30a1caf81fa5787711f80be9081418dd9eb79d2"},
    {file = "nh3-0.2.20-cp313-cp313t-musllinux_1_2_armv7l.whl", hash = "sha256:ac4d27dc836a476efffc6eb661994426b8b805c951b29c9cf2ff36bc9ad58bc5"},
    {file = "nh3-0.2.20-cp313-cp313t-musllinux_1_2_i686.whl", hash = "sha256:4fd2e9248725ebcedac3997a8d3da0d90a12a28c9179c6ba51f1658938ac30d0"},
    {file = "nh3-0.2.20-cp313-cp313t-musllinux_1_2_x86_64.whl", hash = "sha256:f7d564871833ddbe54df3aa59053b1110729d3a800cb7628ae8f42adb3d75208"},
    {file = "nh3-0.2.20-cp313-cp313t-win32.whl", hash = "sha256:d2a176fd4306b6f0f178a3f67fac91bd97a3a8d8fafb771c9b9ef675ba5c8886"},
    {file = "nh3-0.2.20-cp313-cp313t-win_amd64.whl", hash = "sha256:6ed834c68452a600f517dd3e1534dbfaff1f67f98899fecf139a055a25d99150"},
    {file = "nh3-0.2.20-cp38-abi3-macosx_10_12_x86_64.macosx_11_0_arm64.macosx_10_12_universal2.whl", hash = "sha256:76e2f603b30c02ff6456b233a83fc377dedab6a50947b04e960a6b905637b776"},
    {file = "nh3-0.2.20-cp38-abi3-manylinux_2_17_aarch64.manylinux2014_aarch64.whl", hash = "sha256:181063c581defe683bd4bb78188ac9936d208aebbc74c7f7c16b6a32ae2ebb38"},
    {file = "nh3-0.2.20-cp38-abi3-manylinux_2_17_armv7l.manylinux2014_armv7l.whl", hash = "sha256:231addb7643c952cd6d71f1c8702d703f8fe34afcb20becb3efb319a501a12d7"},
    {file = "nh3-0.2.20-cp38-abi3-manylinux_2_17_ppc64.manylinux2014_ppc64.whl", hash = "sha256:1b9a8340a0aab991c68a5ca938d35ef4a8a3f4bf1b455da8855a40bee1fa0ace"},
    {file = "nh3-0.2.20-cp38-abi3-manylinux_2_17_ppc64le.manylinux2014_ppc64le.whl", hash = "sha256:10317cd96fe4bbd4eb6b95f3920b71c902157ad44fed103fdcde43e3b8ee8be6"},
    {file = "nh3-0.2.20-cp38-abi3-manylinux_2_17_s390x.manylinux2014_s390x.whl", hash = "sha256:8698db4c04b140800d1a1cd3067fda399e36e1e2b8fc1fe04292a907350a3e9b"},
    {file = "nh3-0.2.20-cp38-abi3-manylinux_2_17_x86_64.manylinux2014_x86_64.whl", hash = "sha256:3eb04b9c3deb13c3a375ea39fd4a3c00d1f92e8fb2349f25f1e3e4506751774b"},
    {file = "nh3-0.2.20-cp38-abi3-manylinux_2_5_i686.manylinux1_i686.whl", hash = "sha256:92f3f1c4f47a2c6f3ca7317b1d5ced05bd29556a75d3a4e2715652ae9d15c05d"},
    {file = "nh3-0.2.20-cp38-abi3-musllinux_1_2_aarch64.whl", hash = "sha256:ddefa9fd6794a87e37d05827d299d4b53a3ec6f23258101907b96029bfef138a"},
    {file = "nh3-0.2.20-cp38-abi3-musllinux_1_2_armv7l.whl", hash = "sha256:ce3731c8f217685d33d9268362e5b4f770914e922bba94d368ab244a59a6c397"},
    {file = "nh3-0.2.20-cp38-abi3-musllinux_1_2_i686.whl", hash = "sha256:09f037c02fc2c43b211ff1523de32801dcfb0918648d8e651c36ef890f1731ec"},
    {file = "nh3-0.2.20-cp38-abi3-musllinux_1_2_x86_64.whl", hash = "sha256:813f1c8012dd64c990514b795508abb90789334f76a561fa0fd4ca32d2275330"},
    {file = "nh3-0.2.20-cp38-abi3-win32.whl", hash = "sha256:47b2946c0e13057855209daeffb45dc910bd0c55daf10190bb0b4b60e2999784"},
    {file = "nh3-0.2.20-cp38-abi3-win_amd64.whl", hash = "sha256:da87573f03084edae8eb87cfe811ec338606288f81d333c07d2a9a0b9b976c0b"},
    {file = "nh3-0.2.20.tar.gz", hash = "sha256:9705c42d7ff88a0bea546c82d7fe5e59135e3d3f057e485394f491248a1f8ed5"},
]

[[package]]
name = "sqlparse"
version = "0.5.3"
description = "A non-validating SQL parser."
optional = false
python-versions = ">=3.8"
files = [
    {file = "sqlparse-0.5.3-py3-none-any.whl", hash = "sha256:cf2196ed3418f3ba5de6af7e82c694a9fbdbfecccdfc72e281548517081f16ca"},
    {file = "sqlparse-0.5.3.tar.gz", hash = "sha256:09f67787f56a0b16ecdbde1bfc7f5d9c3371ca683cfeaa8e6ff60b4807ec9272"},
]

[package.extras]
dev = ["build", "hatch"]
doc = ["sphinx"]

[[package]]
name = "typing-extensions"
version = "4.12.2"
description = "Backported and Experimental Type Hints for Python 3.8+"
optional = false
python-versions = ">=3.8"
files = [
    {file = "typing_extensions-4.12.2-py3-none-any.whl", hash = "sha256:04e5ca0351e0f3f85c6853954072df659d0d13fac324d0072316b67d7794700d"},
    {file = "typing_extensions-4.12.2.tar.gz", hash = "sha256:1a7ead55c7e559dd4dee8856e3a88b41225abfe1ce8df57b7c13915fe121ffb8"},
]

[[package]]
name = "tzdata"
version = "2024.2"
description = "Provider of IANA time zone data"
optional = false
python-versions = ">=2"
files = [
    {file = "tzdata-2024.2-py2.py3-none-any.whl", hash = "sha256:a48093786cdcde33cad18c2555e8532f34422074448fbc874186f0abd79565cd"},
    {file = "tzdata-2024.2.tar.gz", hash = "sha256:7d85cc416e9382e69095b7bdf4afd9e3880418a2413feec7069d533d6b4e31cc"},
]

[metadata]
lock-version = "2.0"
python-versions = ">=3.8"
content-hash = "142d02ffc97f3c516ecfddb847c1d80a93ef18dd15a037388565ae02f669d26e"
